<Solution>
  <Folder Name="/samples/">
    <Project Path="samples/SafeOpenXml.Sample/SafeOpenXml.Sample.fsproj" />
  </Folder>
  <Folder Name="/src/">
    <Project Path="src/SafeOpenXml/SafeOpenXml.fsproj" />
  </Folder>
  <Folder Name="/tests/">
    <Project Path="tests/SafeOpenXml.Tests/SafeOpenXml.Tests.fsproj" />
  </Folder>
</Solution>
